#MicroXplorer Configuration settings - do not modify
PCC.Series=STM32G0
PB13.GPIOParameters=GPIO_Label
PC7.GPIOParameters=GPIO_Label
RCC.USART1Freq_Value=1000000
ADC1.LowPowerAutoWait=DISABLE
I2C1.I2C_Speed_Mode=I2C_Fast_Plus
SPI1.VirtualType=VM_MASTER
VP_ADC1_TempSens_Input.Mode=IN-TempSens
I2C1.GeneralCallMode=I2C_GENERALCALL_DISABLE
PC12.Locked=true
TIM1.IPParameters=Period,Prescaler,ClockDivision
PA12\ [PA10].GPIO_Label=SPI_MOSI
PC12.Signal=GPIO_Input
PB14.GPIO_Label=I_BUS_FON
PC7.Locked=true
PD3.GPIOParameters=GPIO_Label
PD8.Locked=true
PC6.GPIO_Label=O_L_RST_9
VP_RTC_VS_RTC_Activate.Mode=RTC_Enabled
PC3.Locked=true
RCC.RTCFreq_Value=32000
LPUART1.WordLength=UART_WORDLENGTH_8B
PA6.GPIO_Label=RPI_CS0
PB6.GPIO_Label=O_L_RST_6
PD4.Locked=true
PD0.Locked=true
PD2.GPIOParameters=GPIO_Label
ADC1.SamplingTimeCommon2=ADC_SAMPLETIME_160CYCLES_5
ADC1.SamplingTimeCommon1=ADC_SAMPLETIME_39CYCLES_5
PB13.Signal=GPIO_Output
PD6.GPIO_Label=O_FLASH_WP
PA2.GPIOParameters=PinState,GPIO_Label
PinOutPanel.RotationAngle=0
RCC.MCO1PinFreq_Value=64000000
RCC.SYSCLKSource=RCC_SYSCLKSOURCE_PLLCLK
NVIC.I2C1_IRQn=true\:0\:0\:false\:false\:true\:true\:true
Dma.TIM16_CH1.1.SignalID=NONE
RCC.LPTIM1Freq_Value=32000
RTC.SynchPrediv=249
PCC.PartNumber=STM32G081RBTx
SH.S_TIM16_CH1.ConfNb=1
ADC1.Channel-5\#ChannelRegularConversion=ADC_CHANNEL_VREFINT
RCC.ADCCLockSelection=RCC_ADCCLKSOURCE_HSI
SPI1.Direction=SPI_DIRECTION_2LINES
PA12\ [PA10].Signal=SPI1_MOSI
PD4.Signal=GPIO_Output
PB6.Signal=GPIO_Output
Dma.ADC1.0.Direction=DMA_PERIPH_TO_MEMORY
ADC1.Channel-2\#ChannelRegularConversion=ADC_CHANNEL_TEMPSENSOR
PC7.Signal=GPIO_Output
RTC.IPParameters=StoreOperation,AsynchPrediv,SynchPrediv,HourFormat
SPI1.CalculateBaudRate=500.0 KBits/s
PC3.Signal=SPI2_MOSI
PD0.Signal=S_TIM16_CH1
NVIC.TIM6_DAC_LPTIM1_IRQn=true\:0\:0\:false\:false\:true\:true\:true
PD8.Signal=GPIO_Output
Dma.TIM16_CH1.1.Priority=DMA_PRIORITY_LOW
Dma.ADC1.0.MemDataAlignment=DMA_MDATAALIGN_HALFWORD
PB13.Locked=true
VREF+.Signal=VREFBUF_OUT
ProjectManager.ProjectBuild=false
PA0.Locked=true
PB2.Signal=USART3_TX
ADC1.ScanConvMode=ADC_SCAN_DISABLE
PA8.Locked=true
PA4.Locked=true
PCC.Seq0.Step0.Voltage_Source=Vbus
PD1.GPIOParameters=GPIO_Label
PD1.GPIO_Label=O_BUS_RESET
PB12.GPIO_Label=O_L_RST_10
RCC.TIM1CLockSelectionVirtual=RCC_TIM1CLKSOURCE_PLL
PA12\ [PA10].GPIOParameters=GPIO_Speed,GPIO_Label
LPTIM1.ClockPrescaler=LPTIM_PRESCALER_DIV32
TIM16.OCPolarity_1=TIM_OCPOLARITY_LOW
ProjectManager.FirmwarePackage=STM32Cube FW_G0 V1.4.1
VP_ADC1_Vref_Input.Mode=IN-Vrefint
MxDb.Version=DB.6.0.20
PB0.GPIOParameters=GPIO_Label
PA1.GPIOParameters=GPIO_Label
I2C1.NoStretchMode=I2C_NOSTRETCH_DISABLE
ProjectManager.BackupPrevious=false
PC4.GPIO_Label=U1_ESP_RXD
PA5.GPIO_PuPd=GPIO_NOPULL
PB1.GPIO_Label=O_L_RST_1
Dma.ADC1.0.PeriphInc=DMA_PINC_DISABLE
SPI1.DataSize=SPI_DATASIZE_8BIT
PA0.Mode=IN0
PA8.Signal=GPIO_Output
PA8.GPIO_ModeDefaultOutputPP=GPIO_MODE_OUTPUT_PP
RCC.PLLRCLKFreq_Value=64000000
SPI1.VirtualNSS=VM_NSSHARD
PB6.Locked=true
NVIC.PendSV_IRQn=true\:0\:0\:false\:false\:true\:false\:false
Dma.TIM16_CH1.1.MemDataAlignment=DMA_MDATAALIGN_HALFWORD
ProjectManager.HalAssertFull=false
VP_TIM1_VS_ClockSourceINT.Mode=Internal
ADC1.SamplingTime-0\#ChannelRegularConversion=ADC_SAMPLINGTIME_COMMON_1
TIM16.Pulse=5000
PA0.Signal=ADC1_IN0
RCC.TIM1Freq_Value=64000000
PC8.GPIOParameters=GPIO_Label
Mcu.Package=LQFP64
PB9.Signal=SPI2_NSS
PB1.Signal=GPIO_Output
RCC.TIM15Freq_Value=1000000
PA5.Locked=true
ADC1.OversamplingMode=DISABLE
RCC.APBFreq_Value=1000000
PD5.GPIOParameters=GPIO_Label
VP_SYS_VS_Systick.Signal=SYS_VS_Systick
RCC.LSCOPinFreq_Value=32000
PA10.Signal=I2C1_SDA
VP_RTC_VS_RTC_Calendar.Mode=RTC_Calendar
PA5.GPIOParameters=GPIO_Speed,GPIO_PuPd,GPIO_Label
PA12\ [PA10].Locked=true
VP_SYS_V_PVD_IN.Mode=Mode_PVD_Int
PB14.GPIOParameters=GPIO_Label
Dma.TIM16_CH1.1.EventEnable=DISABLE
RCC.PLLPoutputFreq_Value=64000000
LPUART1.Mode=UART_MODE_RX
RCC.CECFreq_Value=32786.88524590164
RCC.LPUART1Freq_Value=1000000
TIM1.Period=65535
PB10.GPIOParameters=GPIO_Label
TIM16.Prescaler=160
I2C1.CustomTiming=Disabled
PD5.Locked=true
PA4.GPIO_Label=O_L_RST_10
ADC1.EOCSelection=ADC_EOC_SEQ_CONV
Dma.TIM16_CH1.1.Instance=DMA1_Channel2
ProjectManager.CustomerFirmwarePackage=
PC4.GPIOParameters=GPIO_Label
Dma.ADC1.0.EventEnable=DISABLE
PA5.Mode=Full_Duplex_Master
PA6.GPIOParameters=GPIO_Label
PCC.Seq0.Step0.Category=In DS Table
PD6.GPIOParameters=GPIO_Label
VREF+.Mode=InternalMode
RCC.PLLQoutputFreq_Value=64000000
ProjectManager.ProjectFileName=zumo_tb.ioc
Dma.ADC1.0.Instance=DMA1_Channel1
PC15-OSC32_OUT\ (PC15).GPIO_Label=I_INT
ADC1.Rank-0\#ChannelRegularConversion=1
PD9.GPIO_Label=O_FLASH_CS
PA12\ [PA10].GPIO_Speed=GPIO_SPEED_FREQ_VERY_HIGH
PA15.GPIOParameters=GPIO_Speed,GPIO_Label
Mcu.PinsNb=70
PC11.Locked=true
Dma.ADC1.0.SyncRequestNumber=1
ADC1.IPParameters=Rank-0\#ChannelRegularConversion,Channel-0\#ChannelRegularConversion,SamplingTime-0\#ChannelRegularConversion,NbrOfConversionFlag,LowPowerAutoPowerOff,master,OversamplingMode,NbrOfConversion,SamplingTimeCommon1,SamplingTimeCommon2,ClockPrescaler,DiscontinuousConvMode,LowPowerAutoWait,Rank-1\#ChannelRegularConversion,Channel-1\#ChannelRegularConversion,SamplingTime-1\#ChannelRegularConversion,Rank-2\#ChannelRegularConversion,Channel-2\#ChannelRegularConversion,SamplingTime-2\#ChannelRegularConversion,ScanConvMode,DMAContinuousRequests,TriggerFrequencyMode,EOCSelection,Rank-5\#ChannelRegularConversion,Channel-5\#ChannelRegularConversion,SamplingTime-5\#ChannelRegularConversion,ContinuousConvMode,Overrun,SelectedChannel,ChannelTS,ChannelVREF
PC13.Locked=true
PC13.Signal=GPIO_Input
PD3.Signal=GPIO_Output
PC6.Signal=GPIO_Output
PC2.Signal=SPI2_MISO
PD1.Signal=GPIO_Output
SH.S_TIM16_CH1.0=TIM16_CH1,PWM Generation1 CH1
VP_TIM16_VS_ClockSourceINT.Mode=Enable_Timer
Mcu.Pin68=VP_TIM1_VS_ClockSourceINT
Dma.TIM16_CH1.1.SyncSignalID=NONE
PCC.Line=STM32G0x1
Mcu.Pin69=VP_TIM16_VS_ClockSourceINT
PC0.Signal=GPIO_Output
PB14.Locked=true
Dma.TIM16_CH1.1.MemInc=DMA_MINC_ENABLE
PC11.GPIOParameters=GPIO_Label
Mcu.Pin62=VP_LPTIM1_VS_LPTIM_counterModeInternalClock
Mcu.Pin63=VP_RTC_VS_RTC_Activate
Mcu.Pin60=VP_ADC1_Vbat_Input
Mcu.Pin61=VP_IWDG_VS_IWDG
LPUART1.IPParameters=BaudRate,WordLength,Mode
Mcu.Pin66=VP_SYS_VS_Systick
Mcu.Pin67=VP_SYS_VS_DBSignals
Mcu.Pin64=VP_RTC_VS_RTC_Calendar
Mcu.Pin65=VP_SYS_V_PVD_IN
PA9.GPIO_FMPA9=__NULL
PC14-OSC32_IN\ (PC14).GPIO_Label=RPI_18
Dma.TIM16_CH1.1.Mode=DMA_NORMAL
PA3.Mode=Asynchronous
LPTIM1.IPParameters=ClockPrescaler
PCC.MCU=STM32G081RBTx
PA15.Locked=true
PA8.GPIO_Label=O_CHARGE_ON
Mcu.Pin59=VP_ADC1_Vref_Input
Mcu.Pin57=PC10
Mcu.Pin58=VP_ADC1_TempSens_Input
PB11.Mode=Asynchronous
Mcu.Pin51=PB4
Mcu.Pin52=PB5
Mcu.Pin50=PB3
Mcu.Pin55=PB8
Mcu.Pin56=PB9
VP_SYS_V_PVD_IN.Signal=SYS_V_PVD_IN
Dma.ADC1.0.SignalID=NONE
Mcu.Pin53=PB6
Mcu.Pin54=PB7
PC6.Locked=true
Dma.ADC1.0.Priority=DMA_PRIORITY_HIGH
PA9.Signal=I2C1_SCL
VP_TIM1_VS_ClockSourceINT.Signal=TIM1_VS_ClockSourceINT
I2C1.Timing=0x00300B29
PB5.Locked=true
PB9.Locked=true
Mcu.Pin48=PD5
Mcu.Pin49=PD6
Mcu.Pin46=PD3
Mcu.Pin47=PD4
PB10.Signal=I2C2_SCL
PB14.Signal=GPIO_Input
PA5.Signal=SPI1_SCK
Mcu.Pin40=PA15
Mcu.Pin41=PC8
Mcu.Pin44=PD1
Mcu.Pin45=PD2
Mcu.Pin42=PC9
Mcu.Pin43=PD0
ProjectManager.LastFirmware=true
Dma.TIM16_CH1.1.SyncPolarity=HAL_DMAMUX_SYNC_NO_EVENT
PA1.Mode=IN1
PCC.Seq0.Step0.Vcore=NoRange
Mcu.Pin37=PA12 [PA10]
PB4.GPIO_Label=O_L_RST_4
Mcu.Pin38=PA13
PB15.GPIO_Label=ZUMO_SHDN
Mcu.Pin35=PA10
RCC.I2C1Freq_Value=64000000
Mcu.Pin36=PA11 [PA9]
SPI1.Mode=SPI_MODE_MASTER
VP_SYS_VS_DBSignals.Signal=SYS_VS_DBSignals
Mcu.Pin39=PA14-BOOT0
RCC.RNGFreq_Value=2000000
VP_ADC1_TempSens_Input.Signal=ADC1_TempSens_Input
Mcu.Pin30=PA9
PA1.GPIO_Label=ADC1
Mcu.Pin33=PD8
Mcu.Pin34=PD9
Mcu.Pin31=PC6
Mcu.Pin32=PC7
PA9.Locked=true
VP_TIM16_VS_ClockSourceINT.Signal=TIM16_VS_ClockSourceINT
NVIC.NonMaskableInt_IRQn=true\:0\:0\:false\:false\:true\:false\:false
RCC.AHBCLKDivider=RCC_SYSCLK_DIV64
PC10.GPIOParameters=GPIO_Label
ADC1.DMAContinuousRequests=ENABLE
PA13.Mode=Serial_Wire
ProjectManager.FreePins=false
PC9.GPIOParameters=GPIO_Label
IWDG.IPParameters=Prescaler,Window,Reload
RCC.LPTIM2Freq_Value=1000000
Mcu.Pin26=PB13
Mcu.Pin27=PB14
Mcu.Pin24=PB11
ProjectManager.UnderRoot=true
Mcu.Pin25=PB12
Mcu.Pin28=PB15
PC7.GPIO_Label=O_L_RST_8
Mcu.Pin29=PA8
PB4.Locked=true
PA4.Signal=GPIO_Output
ADC1.SamplingTime-1\#ChannelRegularConversion=ADC_SAMPLINGTIME_COMMON_1
RCC.APBTimFreq_Value=1000000
Mcu.Pin22=PB2
PB5.Signal=GPIO_Output
Mcu.Pin23=PB10
Mcu.Pin20=PB0
ADC1.master=1
PA3.Locked=true
Mcu.Pin21=PB1
Dma.TIM16_CH1.1.Polarity=HAL_DMAMUX_REQ_GEN_RISING
Dma.TIM16_CH1.1.SyncRequestNumber=1
PA5.GPIO_Label=SPI_CLK
PA10.Locked=true
NVIC.ForceEnableDMAVector=true
ADC1.TriggerFrequencyMode=ADC_TRIGGER_FREQ_LOW
PC12.GPIO_Label=RPI_15
ProjectManager.CompilerOptimize=6
ADC1.Rank-1\#ChannelRegularConversion=2
Dma.ADC1.0.RequestNumber=1
RTC.HourFormat=RTC_HOURFORMAT_24
ProjectManager.HeapSize=0x200
PA0.GPIOParameters=GPIO_Label
Mcu.Pin15=PA5
NVIC.HardFault_IRQn=true\:0\:0\:false\:false\:true\:false\:false
Mcu.Pin16=PA6
Mcu.Pin13=PA3
Mcu.Pin14=PA4
Mcu.Pin19=PC5
ADC1.SamplingTime-5\#ChannelRegularConversion=ADC_SAMPLINGTIME_COMMON_1
ProjectManager.ComputerToolchain=false
Mcu.Pin17=PA7
Mcu.Pin18=PC4
Mcu.Pin11=PA1
Mcu.Pin12=PA2
PD0.GPIOParameters=GPIO_Label
Mcu.Pin10=PA0
NVIC.DMA1_Channel2_3_IRQn=true\:0\:0\:false\:false\:true\:false\:true
TIM16.OCIdleState_1=TIM_OCIDLESTATE_RESET
RCC.PWRFreq_Value=64000000
NVIC.DMA1_Channel1_IRQn=true\:0\:0\:false\:false\:true\:false\:true
PD2.Signal=GPIO_Output
PCC.Seq0=1
PD1.Locked=true
PB0.Signal=USART3_RX
IWDG.Window=0xfff
PA7.GPIOParameters=GPIO_Label
NVIC.TIM1_BRK_UP_TRG_COM_IRQn=true\:0\:0\:false\:false\:true\:true\:true
PC0.Locked=true
ADC1.Rank-5\#ChannelRegularConversion=4
PC1.Signal=GPIO_Output
PB12.GPIOParameters=GPIO_Label
PD2.GPIO_Label=O_BNO055_RESET
Mcu.Family=STM32G0
ProjectManager.MainLocation=Core/Src
PA11\ [PA9].Mode=Full_Duplex_Master
RCC.CortexFreq_Value=125000
ProjectManager.KeepUserCode=true
Mcu.UserName=STM32G081RBTx
PD9.GPIOParameters=GPIO_Label
ADC1.Overrun=ADC_OVR_DATA_PRESERVED
ADC1.ContinuousConvMode=ENABLE
PCC.Seq0.Step0.CPU_Frequency=16 MHz
Dma.ADC1.0.Polarity=HAL_DMAMUX_REQ_GEN_RISING
PA11\ [PA9].GPIO_Label=SPI_MISO
PCC.Seq0.Step0.User's_Consumption=0 mA
PC10.Locked=true
PA12\ [PA10].Mode=Full_Duplex_Master
PC10.Signal=GPIO_Input
VP_IWDG_VS_IWDG.Mode=IWDG_Activate
PC5.Locked=true
TIM16.BreakPolarity=TIM_BREAKPOLARITY_LOW
PA0.GPIO_Label=ADC0
PA14-BOOT0.Mode=Serial_Wire
ProjectManager.functionlistsort=1-MX_GPIO_Init-GPIO-false-HAL-true,2-MX_DMA_Init-DMA-false-HAL-true,3-SystemClock_Config-RCC-false-HAL-false,4-MX_SPI1_Init-SPI1-false-HAL-true,5-MX_TIM1_Init-TIM1-false-HAL-true,6-MX_RTC_Init-RTC-false-HAL-true,7-MX_ADC1_Init-ADC1-false-HAL-true,8-MX_TIM16_Init-TIM16-false-HAL-true,9-MX_LPTIM1_Init-LPTIM1-false-HAL-true,10-MX_IWDG_Init-IWDG-false-HAL-true,11-MX_I2C1_Init-I2C1-false-HAL-true,12-MX_LPUART1_UART_Init-LPUART1-false-HAL-true
PC0.GPIOParameters=GPIO_Label
PA9.GPIOParameters=GPIO_Speed,GPIO_FMPA9
PD0.GPIO_Label=O_LIDAR_M
PC0.GPIO_Label=O_CAM_PWDN
PC9.Locked=true
PD6.Locked=true
PB0.GPIO_Label=U3_ZUMO_TXD
RCC.USART2Freq_Value=1000000
PD2.Locked=true
VP_RTC_VS_RTC_Calendar.Signal=RTC_VS_RTC_Calendar
NVIC.SVC_IRQn=true\:0\:0\:false\:false\:true\:false\:false
PC13.GPIO_Label=RPI_16
PC1.Locked=true
PB13.GPIO_Label=O_L_RST_11
PB11.Signal=LPUART1_TX
PB15.Signal=GPIO_Input
ProjectManager.StackSize=0x400
PB5.GPIOParameters=GPIO_Label
TIM16.BreakState=TIM_BREAK_DISABLE
Mcu.IP4=LPTIM1
Mcu.IP5=LPUART1
RCC.FCLKCortexFreq_Value=1000000
Mcu.IP2=I2C1
I2C1.IPParameters=Timing,I2C_Speed_Mode,OwnAddress,GeneralCallMode,Analog_Filter,CustomTiming,NoStretchMode
Mcu.IP3=IWDG
PA15.GPIO_Label=SPI_CS
PB4.GPIOParameters=GPIO_Label
Mcu.IP0=ADC1
Mcu.IP1=DMA
RTC.StoreOperation=RTC_STOREOPERATION_RESET
PC15-OSC32_OUT\ (PC15).GPIOParameters=GPIO_Label
TIM1.Prescaler=10000
SPI1.CLKPolarity=SPI_POLARITY_LOW
Mcu.UserConstants=I2C_ADDR,0x10
PC1.GPIOParameters=GPIO_Label
Mcu.ThirdPartyNb=0
RCC.HCLKFreq_Value=1000000
Mcu.IPNb=13
ProjectManager.PreviousToolchain=STM32CubeIDE
PD8.GPIOParameters=GPIO_Label
PA8.GPIOParameters=PinState,GPIO_PuPd,GPIO_Label,GPIO_ModeDefaultOutputPP
Mcu.Pin6=PC0
Mcu.Pin7=PC1
Mcu.Pin8=PC2
Mcu.Pin9=PC3
RCC.AHBFreq_Value=1000000
Mcu.Pin0=PC11
Mcu.Pin1=PC12
PA14-BOOT0.Signal=SYS_SWCLK
GPIO.groupedBy=Group By Peripherals
Mcu.Pin2=PC13
Mcu.Pin3=PC14-OSC32_IN (PC14)
Mcu.Pin4=PC15-OSC32_OUT (PC15)
Mcu.Pin5=VREF+
ADC1.Channel-0\#ChannelRegularConversion=ADC_CHANNEL_0
RCC.HSE_VALUE=4000000
PA11\ [PA9].GPIOParameters=GPIO_Speed,GPIO_Label
Mcu.IP10=SYS
PCC.Seq0.Step0.DMIPS=0.0
PA15.Mode=NSS_Signal_Hard_Output
NVIC.SysTick_IRQn=true\:0\:0\:false\:false\:true\:false\:true
Mcu.IP12=TIM16
Mcu.IP11=TIM1
Dma.TIM16_CH1.1.Direction=DMA_PERIPH_TO_MEMORY
PA2.PinState=GPIO_PIN_RESET
ADC1.Rank-2\#ChannelRegularConversion=3
RCC.VCOInputFreq_Value=16000000
PC11.GPIO_Label=RPI_14
File.Version=6
VP_SYS_VS_DBSignals.Mode=DisableDeadBatterySignals
Dma.TIM16_CH1.1.PeriphDataAlignment=DMA_PDATAALIGN_HALFWORD
RTC.AsynchPrediv=127
PB3.GPIOParameters=GPIO_Label
PB7.Signal=GPIO_Output
PB8.Locked=true
ADC1.LowPowerAutoPowerOff=ENABLE
VP_ADC1_Vbat_Input.Signal=ADC1_Vbat_Input
Dma.RequestsNb=2
PB6.GPIOParameters=GPIO_Label
PB0.Locked=true
ProjectManager.ProjectName=zumo_tb
PB7.GPIO_Label=O_L_RST_7
ADC1.SelectedChannel=ADC_CHANNEL_0|ADC_CHANNEL_1|ADC_CHANNEL_TEMPSENSOR|ADC_CHANNEL_VREFINT|ADC_CHANNEL_VBAT
PCC.Seq0.Step0.Oscillator=LSE BYP RTC
PA6.Signal=GPIO_Input
PA7.Locked=true
PB15.GPIO_PuPd=GPIO_PULLUP
PD5.GPIO_Label=O_FLASH_HOLD
ProjectManager.ToolChainLocation=
PA2.GPIO_Label=O_LED2
RCC.LSI_VALUE=32000
VP_LPTIM1_VS_LPTIM_counterModeInternalClock.Mode=Counts__internal_clock_event_00
IWDG.Reload=1000
PA15.Signal=SPI1_NSS
PCC.Checker=true
PA10.GPIO_Speed=GPIO_SPEED_FREQ_LOW
PCC.Seq0.Step0.Duration=1 s
PC14-OSC32_IN\ (PC14).Locked=true
PB5.GPIO_Label=O_L_RST_5
TIM16.AutoReloadPreload=TIM_AUTORELOAD_PRELOAD_ENABLE
Dma.Request1=TIM16_CH1
PC4.Locked=true
PCC.Seq0.Step0.Peripherals=
PC5.Signal=USART1_RX
PD3.GPIO_Label=O_L_RST_0
PD6.Signal=GPIO_Output
Dma.Request0=ADC1
SPI1.BaudRatePrescaler=SPI_BAUDRATEPRESCALER_2
PA8.PinState=GPIO_PIN_RESET
PB15.Locked=true
PB3.Locked=true
PB4.Signal=GPIO_Output
PA3.Signal=LPUART1_RX
PA2.Locked=true
PB3.GPIO_Label=O_L_RST_3
VP_RTC_VS_RTC_Activate.Signal=RTC_VS_RTC_Activate
PA11\ [PA9].GPIO_Speed=GPIO_SPEED_FREQ_VERY_HIGH
PC10.GPIO_Label=RPI_13
PA10.Mode=I2C
PCC.Seq0.Step0.Average_Current=4.25 \u00B5A
PCC.Vdd=3.0
PC9.GPIO_Label=RPI_12
ProjectManager.NoMain=false
SPI1.IPParameters=VirtualType,Mode,Direction,CalculateBaudRate,VirtualNSS,DataSize,BaudRatePrescaler,CLKPolarity
ADC1.ChannelVREF=ADC_CHANNEL_VREFINT
PC11.Signal=GPIO_Input
RCC.I2C1CLockSelection=RCC_I2C1CLKSOURCE_SYSCLK
PC8.Signal=GPIO_Input
PC4.Signal=USART1_TX
ADC1.DiscontinuousConvMode=DISABLE
VP_ADC1_Vbat_Input.Mode=IN-Vbat
RCC.EXTERNAL_CLOCK_VALUE=48000
ProjectManager.DefaultFWLocation=true
PD5.Signal=GPIO_Output
PD9.Signal=GPIO_Output
PC15-OSC32_OUT\ (PC15).Signal=GPIO_Input
PB12.Locked=true
ProjectManager.DeletePrevious=true
PB10.Locked=true
TIM16.Channel=TIM_CHANNEL_1
ADC1.SamplingTime-2\#ChannelRegularConversion=ADC_SAMPLINGTIME_COMMON_2
I2C1.Analog_Filter=I2C_ANALOGFILTER_ENABLE
RCC.FamilyName=M
Dma.TIM16_CH1.1.SyncEnable=DISABLE
TIM1.ClockDivision=TIM_CLOCKDIVISION_DIV2
PD8.GPIO_Label=O_LEDSTRB
PC12.GPIOParameters=GPIO_Label
PC8.GPIO_Label=RPI_11
PA13.Signal=SYS_SWDIO
PCC.Seq0.Step0.TaMax=130
Dma.ADC1.0.PeriphDataAlignment=DMA_PDATAALIGN_HALFWORD
PA9.Mode=I2C
ProjectManager.TargetToolchain=STM32CubeIDE
PB10.GPIO_Label=SCL2
Dma.ADC1.0.Mode=DMA_CIRCULAR
PCC.Seq0.Step0.Mode=STOP1
PB7.GPIOParameters=GPIO_Label
Dma.ADC1.0.SyncSignalID=NONE
PC5.GPIOParameters=GPIO_Label
PB2.GPIOParameters=GPIO_Label
ADC1.Channel-1\#ChannelRegularConversion=ADC_CHANNEL_1
Dma.TIM16_CH1.1.RequestParameters=Instance,Direction,PeriphInc,MemInc,PeriphDataAlignment,MemDataAlignment,Mode,Priority,SignalID,Polarity,RequestNumber,SyncSignalID,SyncPolarity,SyncEnable,EventEnable,SyncRequestNumber
RCC.LPTIM1CLockSelection=RCC_LPTIM1CLKSOURCE_LSI
RCC.I2S1Freq_Value=64000000
PC2.Locked=true
ProjectManager.RegisterCallBack=
PC15-OSC32_OUT\ (PC15).Locked=true
PA11\ [PA9].Locked=true
RCC.LSE_VALUE=32768
PD3.Locked=true
PA1.Signal=ADC1_IN1
NVIC.USART3_4_LPUART1_IRQn=true\:0\:0\:false\:false\:true\:true\:true
PB1.Locked=true
board=custom
PCC.Temperature=25
RCC.VCOOutputFreq_Value=128000000
ADC1.ChannelTS=ADC_CHANNEL_TEMPSENSOR
Dma.ADC1.0.SyncPolarity=HAL_DMAMUX_SYNC_NO_EVENT
Dma.ADC1.0.RequestParameters=Instance,Direction,PeriphInc,MemInc,PeriphDataAlignment,MemDataAlignment,Mode,Priority,SignalID,Polarity,RequestNumber,SyncSignalID,SyncPolarity,SyncEnable,EventEnable,SyncRequestNumber
TIM16.Period=10000
PA10.GPIO_FMPA10=__NULL
TIM16.ClockDivision=TIM_CLOCKDIVISION_DIV1
PCC.Seq0.Step0.Frequency=0 Hz
MxCube.Version=6.2.0
PD4.GPIO_Label=O_L_RST_2
PC13.GPIOParameters=GPIO_Label
RCC.ADCFreq_Value=16000000
PC1.GPIO_Label=O_LED1
PA10.GPIOParameters=GPIO_FMPA10,GPIO_Speed
PD4.GPIOParameters=GPIO_Label
VP_SYS_VS_Systick.Mode=SysTick
VP_ADC1_Vref_Input.Signal=ADC1_Vref_Input
PA4.GPIOParameters=GPIO_Label
PB15.GPIOParameters=GPIO_PuPd,GPIO_Label
ADC1.NbrOfConversion=4
RCC.IPParameters=ADCCLockSelection,ADCFreq_Value,AHBCLKDivider,AHBFreq_Value,APBFreq_Value,APBTimFreq_Value,CECFreq_Value,CortexFreq_Value,Cortex_Div,EXTERNAL_CLOCK_VALUE,FCLKCortexFreq_Value,FamilyName,HCLKFreq_Value,HSE_VALUE,HSI_VALUE,I2C1CLockSelection,I2C1Freq_Value,I2S1Freq_Value,LPTIM1CLockSelection,LPTIM1Freq_Value,LPTIM2Freq_Value,LPUART1Freq_Value,LSCOPinFreq_Value,LSE_VALUE,LSI_VALUE,MCO1PinFreq_Value,PLLPoutputFreq_Value,PLLQoutputFreq_Value,PLLRCLKFreq_Value,PWRFreq_Value,RNGFreq_Value,RTCFreq_Value,SYSCLKFreq_VALUE,SYSCLKSource,TIM15Freq_Value,TIM1CLockSelectionVirtual,TIM1Freq_Value,USART1Freq_Value,USART2Freq_Value,VCOInputFreq_Value,VCOOutputFreq_Value
ProjectManager.AskForMigrate=true
Mcu.Name=STM32G081RBTx
PA11\ [PA9].Signal=SPI1_MISO
LPUART1.BaudRate=115200
PA2.Signal=GPIO_Output
PB2.Locked=true
I2C1.OwnAddress=I2C_ADDR
Mcu.IP8=RTC
Mcu.IP9=SPI1
Mcu.IP6=NVIC
Mcu.IP7=RCC
ProjectManager.CoupleFile=true
PCC.Seq0.Step0.Memory=Flash-PowerDown
PB3.Signal=GPIO_Output
RCC.SYSCLKFreq_VALUE=64000000
PA7.GPIO_Label=RPI_CS1
PA1.Locked=true
KeepUserPlacement=false
PC5.GPIO_Label=U1_ESP_TXD
PC14-OSC32_IN\ (PC14).Signal=GPIO_Input
PA13.Locked=true
PA15.GPIO_Speed=GPIO_SPEED_FREQ_VERY_HIGH
VP_IWDG_VS_IWDG.Signal=IWDG_VS_IWDG
Dma.ADC1.0.SyncEnable=DISABLE
Dma.ADC1.0.MemInc=DMA_MINC_ENABLE
PB2.GPIO_Label=U3_ZUMO_RXD
PC6.GPIOParameters=GPIO_Label
Dma.TIM16_CH1.1.PeriphInc=DMA_PINC_DISABLE
RCC.HSI_VALUE=16000000
PA8.GPIO_PuPd=GPIO_NOPULL
PC14-OSC32_IN\ (PC14).GPIOParameters=GPIO_Label
PA5.GPIO_Speed=GPIO_SPEED_FREQ_VERY_HIGH
ADC1.NbrOfConversionFlag=1
IWDG.Prescaler=IWDG_PRESCALER_32
PB7.Locked=true
PA9.GPIO_Speed=GPIO_SPEED_FREQ_LOW
PB8.Signal=SPI2_SCK
VP_LPTIM1_VS_LPTIM_counterModeInternalClock.Signal=LPTIM1_VS_LPTIM_counterModeInternalClock
PC8.Locked=true
RCC.Cortex_Div=SYSTICK_CLKSOURCE_HCLK_DIV8
PC9.Signal=GPIO_Input
TIM16.IPParameters=Channel,Prescaler,AutoReloadPreload,Period,BreakState,Pulse,ClockDivision,BreakPolarity,OCIdleState_1,OCPolarity_1
PCC.Seq0.Step0.Vdd=3.6
PD9.Locked=true
ADC1.ClockPrescaler=ADC_CLOCK_ASYNC_DIV64
NVIC.ADC1_COMP_IRQn=true\:0\:0\:false\:false\:true\:true\:true
ProjectManager.DeviceId=STM32G081RBTx
PB12.Signal=GPIO_Output
ProjectManager.LibraryCopy=1
Dma.TIM16_CH1.1.RequestNumber=1
PB1.GPIOParameters=GPIO_Label
PA7.Signal=GPIO_Input
PA6.Locked=true
isbadioc=false
